
Microsoft Visual Studio Solution File, Format Version 12.00
# Visual Studio 15
VisualStudioVersion = 15.0.26730.15
MinimumVisualStudioVersion = 10.0.40219.1
Project("{FAE04EC0-301F-11D3-BF4B-00C04F79EFBC}") = "CricketGame.Specs", "CricketGame.Specs\CricketGame.Specs.csproj", "{2A35503A-67C9-4191-8580-B490F8BF0789}"
EndProject
Project("{FAE04EC0-301F-11D3-BF4B-00C04F79EFBC}") = "CricketGame", "CricketGame\CricketGame.csproj", "{897A87B5-2757-4057-A48C-A08494084FAD}"
EndProject
Project("{FAE04EC0-301F-11D3-BF4B-00C04F79EFBC}") = "Cricketgame.test", "Cricketgame.test\Cricketgame.test.csproj", "{ABFE12AE-22B9-456C-AD88-4FE0310A7D13}"
EndProject
Global
	GlobalSection(SolutionConfigurationPlatforms) = preSolution
		Debug|Any CPU = Debug|Any CPU
		Release|Any CPU = Release|Any CPU
	EndGlobalSection
	GlobalSection(ProjectConfigurationPlatforms) = postSolution
		{2A35503A-67C9-4191-8580-B490F8BF0789}.Debug|Any CPU.ActiveCfg = Debug|Any CPU
		{2A35503A-67C9-4191-8580-B490F8BF0789}.Debug|Any CPU.Build.0 = Debug|Any CPU
		{2A35503A-67C9-4191-8580-B490F8BF0789}.Release|Any CPU.ActiveCfg = Release|Any CPU
		{2A35503A-67C9-4191-8580-B490F8BF0789}.Release|Any CPU.Build.0 = Release|Any CPU
		{897A87B5-2757-4057-A48C-A08494084FAD}.Debug|Any CPU.ActiveCfg = Debug|Any CPU
		{897A87B5-2757-4057-A48C-A08494084FAD}.Debug|Any CPU.Build.0 = Debug|Any CPU
		{897A87B5-2757-4057-A48C-A08494084FAD}.Release|Any CPU.ActiveCfg = Release|Any CPU
		{897A87B5-2757-4057-A48C-A08494084FAD}.Release|Any CPU.Build.0 = Release|Any CPU
		{ABFE12AE-22B9-456C-AD88-4FE0310A7D13}.Debug|Any CPU.ActiveCfg = Debug|Any CPU
		{ABFE12AE-22B9-456C-AD88-4FE0310A7D13}.Debug|Any CPU.Build.0 = Debug|Any CPU
		{ABFE12AE-22B9-456C-AD88-4FE0310A7D13}.Release|Any CPU.ActiveCfg = Release|Any CPU
		{ABFE12AE-22B9-456C-AD88-4FE0310A7D13}.Release|Any CPU.Build.0 = Release|Any CPU
	EndGlobalSection
	GlobalSection(SolutionProperties) = preSolution
		HideSolutionNode = FALSE
	EndGlobalSection
	GlobalSection(ExtensibilityGlobals) = postSolution
		SolutionGuid = {79987CCF-893A-4E9E-B468-2475E934DFEB}
	EndGlobalSection
EndGlobal
